
Microsoft Visual Studio Solution File, Format Version 12.00
# Visual Studio Version 17
VisualStudioVersion = 17.14.36717.8 d17.14
MinimumVisualStudioVersion = 10.0.40219.1
Project("{FAE04EC0-301F-11D3-BF4B-00C04F79EFBC}") = "TechApi", "TechApi\TechApi.csproj", "{7626BC63-1FAB-43BB-9468-3D8B5F1B9D57}"
EndProject
Global
	GlobalSection(SolutionConfigurationPlatforms) = preSolution
		Debug|Any CPU = Debug|Any CPU
		Release|Any CPU = Release|Any CPU
	EndGlobalSection
	GlobalSection(ProjectConfigurationPlatforms) = postSolution
		{7626BC63-1FAB-43BB-9468-3D8B5F1B9D57}.Debug|Any CPU.ActiveCfg = Debug|Any CPU
		{7626BC63-1FAB-43BB-9468-3D8B5F1B9D57}.Debug|Any CPU.Build.0 = Debug|Any CPU
		{7626BC63-1FAB-43BB-9468-3D8B5F1B9D57}.Release|Any CPU.ActiveCfg = Release|Any CPU
		{7626BC63-1FAB-43BB-9468-3D8B5F1B9D57}.Release|Any CPU.Build.0 = Release|Any CPU
	EndGlobalSection
	GlobalSection(SolutionProperties) = preSolution
		HideSolutionNode = FALSE
	EndGlobalSection
	GlobalSection(ExtensibilityGlobals) = postSolution
		SolutionGuid = {F0C92728-7395-47A8-890A-EBF665209451}
	EndGlobalSection
EndGlobal
